# This file is machine-generated by `gh actions-lock`.
# Do not edit by hand; run `gh actions-lock` to update.
# Docs: https://gh.io/actions-lockfile
version: 'v0.0.2'
workflows:
    '.github/workflows/secret-scanner.yml': []
    '.github/workflows/codeql.yml':
        - 'actions/checkout@v4.1.1'
        - 'github/codeql-action@v3.37.3'
    '.github/workflows/main-estate-audit.yml':
        - 'actions/checkout@v4.4.0'
        - 'hyperpolymath/cicd-suite@main'
    '.github/workflows/pages.yml':
        - 'actions/checkout@v4.1.1'
        - 'actions/deploy-pages@v5.0.0'
        - 'actions/upload-pages-artifact@v3.0.1'
dependencies:
    'actions/checkout@v4.1.1':
        ref: 'v4.1.1'
        commit: 'sha1-b4ffde65f46336ab88eb53be808477a3936bae11'
        owner_id: 44036562
        repo_id: 197814629
    'actions/checkout@v4.4.0':
        ref: 'v4.4.0'
        commit: 'sha1-11d5960a326750d5838078e36cf38b85af677262'
        owner_id: 44036562
        repo_id: 197814629
    'actions/deploy-pages@v5.0.0':
        ref: 'v5.0.0'
        commit: 'sha1-cd2ce8fcbc39b97be8ca5fce6e763baed58fa128'
        owner_id: 44036562
        repo_id: 438112499
    'actions/upload-artifact@v4':
        ref: 'v4'
        commit: 'sha1-ea165f8d65b6e75b540449e92b4886f43607fa02'
        owner_id: 44036562
        repo_id: 192625955
    'actions/upload-pages-artifact@v3.0.1':
        ref: 'v3.0.1'
        commit: 'sha1-56afc609e74202658d3ffba0e8f6dda462b719fa'
        owner_id: 44036562
        repo_id: 496012378
        uses:
            - 'actions/upload-artifact@v4'
    'github/codeql-action@v3.37.3':
        ref: 'v3.37.3'
        commit: 'sha1-4187e74d05793876e9989daffde9c3e66b4acd07'
        owner_id: 9919
        repo_id: 259445878
    'hyperpolymath/cicd-suite@main':
        ref: 'main'
        commit: 'sha1-a3cd79fba541444c619902330d0b618eb1612634'
        owner_id: 6759885
        repo_id: 1326697643
